
Microsoft Visual Studio Solution File, Format Version 12.00
# Visual Studio Version 16
VisualStudioVersion = 16.0.30523.141
MinimumVisualStudioVersion = 10.0.40219.1
Project("{FAE04EC0-301F-11D3-BF4B-00C04F79EFBC}") = "BookListRazor", "BookListRazor.csproj", "{217E67E4-3D9D-44E9-A5DD-3E6C658515CC}"
EndProject
Global
	GlobalSection(SolutionConfigurationPlatforms) = preSolution
		Debug|Any CPU = Debug|Any CPU
		Release|Any CPU = Release|Any CPU
	EndGlobalSection
	GlobalSection(ProjectConfigurationPlatforms) = postSolution
		{217E67E4-3D9D-44E9-A5DD-3E6C658515CC}.Debug|Any CPU.ActiveCfg = Debug|Any CPU
		{217E67E4-3D9D-44E9-A5DD-3E6C658515CC}.Debug|Any CPU.Build.0 = Debug|Any CPU
		{217E67E4-3D9D-44E9-A5DD-3E6C658515CC}.Release|Any CPU.ActiveCfg = Release|Any CPU
		{217E67E4-3D9D-44E9-A5DD-3E6C658515CC}.Release|Any CPU.Build.0 = Release|Any CPU
	EndGlobalSection
	GlobalSection(SolutionProperties) = preSolution
		HideSolutionNode = FALSE
	EndGlobalSection
	GlobalSection(ExtensibilityGlobals) = postSolution
		SolutionGuid = {B0182054-72EE-4CD5-A93C-B05B93BBEAA8}
	EndGlobalSection
EndGlobal
